
Microsoft Visual Studio Solution File, Format Version 12.00
# Visual Studio Version 17
VisualStudioVersion = 17.7.34003.232
MinimumVisualStudioVersion = 10.0.40219.1
Project("{FAE04EC0-301F-11D3-BF4B-00C04F79EFBC}") = "dotnet-webapp", "dotnet-webapp\dotnet-webapp.csproj", "{D6CD6978-84A8-428D-A8CE-F8A00E6F3192}"
EndProject
Global
	GlobalSection(SolutionConfigurationPlatforms) = preSolution
		Debug|Any CPU = Debug|Any CPU
		Release|Any CPU = Release|Any CPU
	EndGlobalSection
	GlobalSection(ProjectConfigurationPlatforms) = postSolution
		{D6CD6978-84A8-428D-A8CE-F8A00E6F3192}.Debug|Any CPU.ActiveCfg = Debug|Any CPU
		{D6CD6978-84A8-428D-A8CE-F8A00E6F3192}.Debug|Any CPU.Build.0 = Debug|Any CPU
		{D6CD6978-84A8-428D-A8CE-F8A00E6F3192}.Release|Any CPU.ActiveCfg = Release|Any CPU
		{D6CD6978-84A8-428D-A8CE-F8A00E6F3192}.Release|Any CPU.Build.0 = Release|Any CPU
	EndGlobalSection
	GlobalSection(SolutionProperties) = preSolution
		HideSolutionNode = FALSE
	EndGlobalSection
	GlobalSection(ExtensibilityGlobals) = postSolution
		SolutionGuid = {CC9E7BC4-BD25-4D2E-B7ED-3D654EBAFB63}
	EndGlobalSection
EndGlobal
